
Microsoft Visual Studio Solution File, Format Version 12.00
Project("{FAE04EC0-301F-11D3-BF4B-00C04F79EFBC}") = "Orrery", "src\Core\Orrery\Orrery.csproj", "{B22FA343-D3F1-4FE9-A839-3C68346B120F}"
EndProject
Project("{FAE04EC0-301F-11D3-BF4B-00C04F79EFBC}") = "Tests", "Tests\Tests.csproj", "{62DA2406-530E-451E-8EB7-EF4F1C7E2BB1}"
EndProject
Project("{FAE04EC0-301F-11D3-BF4B-00C04F79EFBC}") = "Runner", "src\Apps\Runner\Runner.csproj", "{DC5506BF-461B-46E8-A5D7-B78BEA966029}"
EndProject
Project("{FAE04EC0-301F-11D3-BF4B-00C04F79EFBC}") = "Mechanism", "src\Core\Mechanism\Mechanism.csproj", "{CF63B047-FF8D-4D24-B88B-B3F127D434E8}"
EndProject
Project("{FAE04EC0-301F-11D3-BF4B-00C04F79EFBC}") = "RiscV32", "src\Isa\RiscV32\RiscV32.csproj", "{C0EF7907-F1A6-4167-8E7E-7802C248ACC3}"
EndProject
Project("{FAE04EC0-301F-11D3-BF4B-00C04F79EFBC}") = "RiscV64", "src\Isa\RiscV64\RiscV64.csproj", "{A1B2C3D4-E5F6-7890-ABCD-EF1234567890}"
EndProject
Project("{FAE04EC0-301F-11D3-BF4B-00C04F79EFBC}") = "Chip8", "src\Isa\Chip8\Chip8.csproj", "{E5542420-6B33-49D4-B41B-352F9646E3DA}"
EndProject
Project("{FAE04EC0-301F-11D3-BF4B-00C04F79EFBC}") = "Face", "src\Apps\Face\Face.csproj", "{B1522A8C-A2C1-4D42-982C-A655AF2CA137}"
EndProject
Project("{FAE04EC0-301F-11D3-BF4B-00C04F79EFBC}") = "Pipeline", "src\Core\Pipeline\Pipeline.csproj", "{38858C9F-1376-4308-9779-964FE492F702}"
EndProject
Project("{FAE04EC0-301F-11D3-BF4B-00C04F79EFBC}") = "Subleq", "src\Isa\Subleq\Subleq.csproj", "{D4E5F6A7-B8C9-0123-DEFA-012345678901}"
EndProject
Project("{FAE04EC0-301F-11D3-BF4B-00C04F79EFBC}") = "Pdp8", "src\Isa\Pdp8\Pdp8.csproj", "{E6F7A8B9-C0D1-2345-EFAB-123456789012}"
EndProject
Project("{FAE04EC0-301F-11D3-BF4B-00C04F79EFBC}") = "J1", "src\Isa\J1\J1.csproj", "{F7A8B9C0-D1E2-3456-FABC-234567890123}"
EndProject
Project("{FAE04EC0-301F-11D3-BF4B-00C04F79EFBC}") = "Move", "src\Isa\Move\Move.csproj", "{A8B9C0D1-E2F3-4567-ABCD-345678901234}"
EndProject
Project("{FAE04EC0-301F-11D3-BF4B-00C04F79EFBC}") = "F18A", "src\Isa\F18A\F18A.csproj", "{B9C0D1E2-F3A4-5678-BCDE-456789012345}"
EndProject
Project("{FAE04EC0-301F-11D3-BF4B-00C04F79EFBC}") = "Script", "src\Apps\Script\Script.csproj", "{137B9B6E-7099-425D-9E78-5EC7129A1210}"
EndProject
Project("{2150E333-8FDC-42A3-9474-1A3956D46DE8}") = "Core", "Core", "{7F4E8D42-8BB8-4508-AC54-02E5EE7C60B6}"
EndProject
Project("{2150E333-8FDC-42A3-9474-1A3956D46DE8}") = "Isa", "Isa", "{2BBA52EB-1295-4412-A8FA-A861FD8BE905}"
EndProject
Project("{2150E333-8FDC-42A3-9474-1A3956D46DE8}") = "Apps", "Apps", "{29D0A13D-0F6B-433C-B4AF-79A6AF831F7B}"
EndProject
Global
	GlobalSection(SolutionConfigurationPlatforms) = preSolution
		Debug|Any CPU = Debug|Any CPU
		Debug|x64 = Debug|x64
		Debug|x86 = Debug|x86
		Release|Any CPU = Release|Any CPU
		Release|x64 = Release|x64
		Release|x86 = Release|x86
	EndGlobalSection
	GlobalSection(ProjectConfigurationPlatforms) = postSolution
		{B22FA343-D3F1-4FE9-A839-3C68346B120F}.Debug|Any CPU.ActiveCfg = Debug|Any CPU
		{B22FA343-D3F1-4FE9-A839-3C68346B120F}.Debug|Any CPU.Build.0 = Debug|Any CPU
		{B22FA343-D3F1-4FE9-A839-3C68346B120F}.Debug|x64.ActiveCfg = Debug|Any CPU
		{B22FA343-D3F1-4FE9-A839-3C68346B120F}.Debug|x64.Build.0 = Debug|Any CPU
		{B22FA343-D3F1-4FE9-A839-3C68346B120F}.Debug|x86.ActiveCfg = Debug|Any CPU
		{B22FA343-D3F1-4FE9-A839-3C68346B120F}.Debug|x86.Build.0 = Debug|Any CPU
		{B22FA343-D3F1-4FE9-A839-3C68346B120F}.Release|Any CPU.ActiveCfg = Release|Any CPU
		{B22FA343-D3F1-4FE9-A839-3C68346B120F}.Release|Any CPU.Build.0 = Release|Any CPU
		{B22FA343-D3F1-4FE9-A839-3C68346B120F}.Release|x64.ActiveCfg = Release|Any CPU
		{B22FA343-D3F1-4FE9-A839-3C68346B120F}.Release|x64.Build.0 = Release|Any CPU
		{B22FA343-D3F1-4FE9-A839-3C68346B120F}.Release|x86.ActiveCfg = Release|Any CPU
		{B22FA343-D3F1-4FE9-A839-3C68346B120F}.Release|x86.Build.0 = Release|Any CPU
		{62DA2406-530E-451E-8EB7-EF4F1C7E2BB1}.Debug|Any CPU.ActiveCfg = Debug|Any CPU
		{62DA2406-530E-451E-8EB7-EF4F1C7E2BB1}.Debug|Any CPU.Build.0 = Debug|Any CPU
		{62DA2406-530E-451E-8EB7-EF4F1C7E2BB1}.Debug|x64.ActiveCfg = Debug|Any CPU
		{62DA2406-530E-451E-8EB7-EF4F1C7E2BB1}.Debug|x64.Build.0 = Debug|Any CPU
		{62DA2406-530E-451E-8EB7-EF4F1C7E2BB1}.Debug|x86.ActiveCfg = Debug|Any CPU
		{62DA2406-530E-451E-8EB7-EF4F1C7E2BB1}.Debug|x86.Build.0 = Debug|Any CPU
		{62DA2406-530E-451E-8EB7-EF4F1C7E2BB1}.Release|Any CPU.ActiveCfg = Release|Any CPU
		{62DA2406-530E-451E-8EB7-EF4F1C7E2BB1}.Release|Any CPU.Build.0 = Release|Any CPU
		{62DA2406-530E-451E-8EB7-EF4F1C7E2BB1}.Release|x64.ActiveCfg = Release|Any CPU
		{62DA2406-530E-451E-8EB7-EF4F1C7E2BB1}.Release|x64.Build.0 = Release|Any CPU
		{62DA2406-530E-451E-8EB7-EF4F1C7E2BB1}.Release|x86.ActiveCfg = Release|Any CPU
		{62DA2406-530E-451E-8EB7-EF4F1C7E2BB1}.Release|x86.Build.0 = Release|Any CPU
		{DC5506BF-461B-46E8-A5D7-B78BEA966029}.Debug|Any CPU.ActiveCfg = Debug|Any CPU
		{DC5506BF-461B-46E8-A5D7-B78BEA966029}.Debug|Any CPU.Build.0 = Debug|Any CPU
		{DC5506BF-461B-46E8-A5D7-B78BEA966029}.Debug|x64.ActiveCfg = Debug|Any CPU
		{DC5506BF-461B-46E8-A5D7-B78BEA966029}.Debug|x64.Build.0 = Debug|Any CPU
		{DC5506BF-461B-46E8-A5D7-B78BEA966029}.Debug|x86.ActiveCfg = Debug|Any CPU
		{DC5506BF-461B-46E8-A5D7-B78BEA966029}.Debug|x86.Build.0 = Debug|Any CPU
		{DC5506BF-461B-46E8-A5D7-B78BEA966029}.Release|Any CPU.ActiveCfg = Release|Any CPU
		{DC5506BF-461B-46E8-A5D7-B78BEA966029}.Release|Any CPU.Build.0 = Release|Any CPU
		{DC5506BF-461B-46E8-A5D7-B78BEA966029}.Release|x64.ActiveCfg = Release|Any CPU
		{DC5506BF-461B-46E8-A5D7-B78BEA966029}.Release|x64.Build.0 = Release|Any CPU
		{DC5506BF-461B-46E8-A5D7-B78BEA966029}.Release|x86.ActiveCfg = Release|Any CPU
		{DC5506BF-461B-46E8-A5D7-B78BEA966029}.Release|x86.Build.0 = Release|Any CPU
		{CF63B047-FF8D-4D24-B88B-B3F127D434E8}.Debug|Any CPU.ActiveCfg = Debug|Any CPU
		{CF63B047-FF8D-4D24-B88B-B3F127D434E8}.Debug|Any CPU.Build.0 = Debug|Any CPU
		{CF63B047-FF8D-4D24-B88B-B3F127D434E8}.Debug|x64.ActiveCfg = Debug|Any CPU
		{CF63B047-FF8D-4D24-B88B-B3F127D434E8}.Debug|x64.Build.0 = Debug|Any CPU
		{CF63B047-FF8D-4D24-B88B-B3F127D434E8}.Debug|x86.ActiveCfg = Debug|Any CPU
		{CF63B047-FF8D-4D24-B88B-B3F127D434E8}.Debug|x86.Build.0 = Debug|Any CPU
		{CF63B047-FF8D-4D24-B88B-B3F127D434E8}.Release|Any CPU.ActiveCfg = Release|Any CPU
		{CF63B047-FF8D-4D24-B88B-B3F127D434E8}.Release|Any CPU.Build.0 = Release|Any CPU
		{CF63B047-FF8D-4D24-B88B-B3F127D434E8}.Release|x64.ActiveCfg = Release|Any CPU
		{CF63B047-FF8D-4D24-B88B-B3F127D434E8}.Release|x64.Build.0 = Release|Any CPU
		{CF63B047-FF8D-4D24-B88B-B3F127D434E8}.Release|x86.ActiveCfg = Release|Any CPU
		{CF63B047-FF8D-4D24-B88B-B3F127D434E8}.Release|x86.Build.0 = Release|Any CPU
		{C0EF7907-F1A6-4167-8E7E-7802C248ACC3}.Debug|Any CPU.ActiveCfg = Debug|Any CPU
		{C0EF7907-F1A6-4167-8E7E-7802C248ACC3}.Debug|Any CPU.Build.0 = Debug|Any CPU
		{C0EF7907-F1A6-4167-8E7E-7802C248ACC3}.Debug|x64.ActiveCfg = Debug|Any CPU
		{C0EF7907-F1A6-4167-8E7E-7802C248ACC3}.Debug|x64.Build.0 = Debug|Any CPU
		{C0EF7907-F1A6-4167-8E7E-7802C248ACC3}.Debug|x86.ActiveCfg = Debug|Any CPU
		{C0EF7907-F1A6-4167-8E7E-7802C248ACC3}.Debug|x86.Build.0 = Debug|Any CPU
		{C0EF7907-F1A6-4167-8E7E-7802C248ACC3}.Release|Any CPU.ActiveCfg = Release|Any CPU
		{C0EF7907-F1A6-4167-8E7E-7802C248ACC3}.Release|Any CPU.Build.0 = Release|Any CPU
		{C0EF7907-F1A6-4167-8E7E-7802C248ACC3}.Release|x64.ActiveCfg = Release|Any CPU
		{C0EF7907-F1A6-4167-8E7E-7802C248ACC3}.Release|x64.Build.0 = Release|Any CPU
		{C0EF7907-F1A6-4167-8E7E-7802C248ACC3}.Release|x86.ActiveCfg = Release|Any CPU
		{C0EF7907-F1A6-4167-8E7E-7802C248ACC3}.Release|x86.Build.0 = Release|Any CPU
		{A1B2C3D4-E5F6-7890-ABCD-EF1234567890}.Debug|Any CPU.ActiveCfg = Debug|Any CPU
		{A1B2C3D4-E5F6-7890-ABCD-EF1234567890}.Debug|Any CPU.Build.0 = Debug|Any CPU
		{A1B2C3D4-E5F6-7890-ABCD-EF1234567890}.Debug|x64.ActiveCfg = Debug|Any CPU
		{A1B2C3D4-E5F6-7890-ABCD-EF1234567890}.Debug|x64.Build.0 = Debug|Any CPU
		{A1B2C3D4-E5F6-7890-ABCD-EF1234567890}.Debug|x86.ActiveCfg = Debug|Any CPU
		{A1B2C3D4-E5F6-7890-ABCD-EF1234567890}.Debug|x86.Build.0 = Debug|Any CPU
		{A1B2C3D4-E5F6-7890-ABCD-EF1234567890}.Release|Any CPU.ActiveCfg = Release|Any CPU
		{A1B2C3D4-E5F6-7890-ABCD-EF1234567890}.Release|Any CPU.Build.0 = Release|Any CPU
		{A1B2C3D4-E5F6-7890-ABCD-EF1234567890}.Release|x64.ActiveCfg = Release|Any CPU
		{A1B2C3D4-E5F6-7890-ABCD-EF1234567890}.Release|x64.Build.0 = Release|Any CPU
		{A1B2C3D4-E5F6-7890-ABCD-EF1234567890}.Release|x86.ActiveCfg = Release|Any CPU
		{A1B2C3D4-E5F6-7890-ABCD-EF1234567890}.Release|x86.Build.0 = Release|Any CPU
		{E5542420-6B33-49D4-B41B-352F9646E3DA}.Debug|Any CPU.ActiveCfg = Debug|Any CPU
		{E5542420-6B33-49D4-B41B-352F9646E3DA}.Debug|Any CPU.Build.0 = Debug|Any CPU
		{E5542420-6B33-49D4-B41B-352F9646E3DA}.Debug|x64.ActiveCfg = Debug|Any CPU
		{E5542420-6B33-49D4-B41B-352F9646E3DA}.Debug|x64.Build.0 = Debug|Any CPU
		{E5542420-6B33-49D4-B41B-352F9646E3DA}.Debug|x86.ActiveCfg = Debug|Any CPU
		{E5542420-6B33-49D4-B41B-352F9646E3DA}.Debug|x86.Build.0 = Debug|Any CPU
		{E5542420-6B33-49D4-B41B-352F9646E3DA}.Release|Any CPU.ActiveCfg = Release|Any CPU
		{E5542420-6B33-49D4-B41B-352F9646E3DA}.Release|Any CPU.Build.0 = Release|Any CPU
		{E5542420-6B33-49D4-B41B-352F9646E3DA}.Release|x64.ActiveCfg = Release|Any CPU
		{E5542420-6B33-49D4-B41B-352F9646E3DA}.Release|x64.Build.0 = Release|Any CPU
		{E5542420-6B33-49D4-B41B-352F9646E3DA}.Release|x86.ActiveCfg = Release|Any CPU
		{E5542420-6B33-49D4-B41B-352F9646E3DA}.Release|x86.Build.0 = Release|Any CPU
		{B1522A8C-A2C1-4D42-982C-A655AF2CA137}.Debug|Any CPU.ActiveCfg = Debug|Any CPU
		{B1522A8C-A2C1-4D42-982C-A655AF2CA137}.Debug|Any CPU.Build.0 = Debug|Any CPU
		{B1522A8C-A2C1-4D42-982C-A655AF2CA137}.Debug|x64.ActiveCfg = Debug|Any CPU
		{B1522A8C-A2C1-4D42-982C-A655AF2CA137}.Debug|x64.Build.0 = Debug|Any CPU
		{B1522A8C-A2C1-4D42-982C-A655AF2CA137}.Debug|x86.ActiveCfg = Debug|Any CPU
		{B1522A8C-A2C1-4D42-982C-A655AF2CA137}.Debug|x86.Build.0 = Debug|Any CPU
		{B1522A8C-A2C1-4D42-982C-A655AF2CA137}.Release|Any CPU.ActiveCfg = Release|Any CPU
		{B1522A8C-A2C1-4D42-982C-A655AF2CA137}.Release|Any CPU.Build.0 = Release|Any CPU
		{B1522A8C-A2C1-4D42-982C-A655AF2CA137}.Release|x64.ActiveCfg = Release|Any CPU
		{B1522A8C-A2C1-4D42-982C-A655AF2CA137}.Release|x64.Build.0 = Release|Any CPU
		{B1522A8C-A2C1-4D42-982C-A655AF2CA137}.Release|x86.ActiveCfg = Release|Any CPU
		{B1522A8C-A2C1-4D42-982C-A655AF2CA137}.Release|x86.Build.0 = Release|Any CPU
		{38858C9F-1376-4308-9779-964FE492F702}.Debug|Any CPU.ActiveCfg = Debug|Any CPU
		{38858C9F-1376-4308-9779-964FE492F702}.Debug|Any CPU.Build.0 = Debug|Any CPU
		{38858C9F-1376-4308-9779-964FE492F702}.Debug|x64.ActiveCfg = Debug|Any CPU
		{38858C9F-1376-4308-9779-964FE492F702}.Debug|x64.Build.0 = Debug|Any CPU
		{38858C9F-1376-4308-9779-964FE492F702}.Debug|x86.ActiveCfg = Debug|Any CPU
		{38858C9F-1376-4308-9779-964FE492F702}.Debug|x86.Build.0 = Debug|Any CPU
		{38858C9F-1376-4308-9779-964FE492F702}.Release|Any CPU.ActiveCfg = Release|Any CPU
		{38858C9F-1376-4308-9779-964FE492F702}.Release|Any CPU.Build.0 = Release|Any CPU
		{38858C9F-1376-4308-9779-964FE492F702}.Release|x64.ActiveCfg = Release|Any CPU
		{38858C9F-1376-4308-9779-964FE492F702}.Release|x64.Build.0 = Release|Any CPU
		{38858C9F-1376-4308-9779-964FE492F702}.Release|x86.ActiveCfg = Release|Any CPU
		{38858C9F-1376-4308-9779-964FE492F702}.Release|x86.Build.0 = Release|Any CPU
		{D4E5F6A7-B8C9-0123-DEFA-012345678901}.Debug|Any CPU.ActiveCfg = Debug|Any CPU
		{D4E5F6A7-B8C9-0123-DEFA-012345678901}.Debug|Any CPU.Build.0 = Debug|Any CPU
		{D4E5F6A7-B8C9-0123-DEFA-012345678901}.Debug|x64.ActiveCfg = Debug|Any CPU
		{D4E5F6A7-B8C9-0123-DEFA-012345678901}.Debug|x64.Build.0 = Debug|Any CPU
		{D4E5F6A7-B8C9-0123-DEFA-012345678901}.Debug|x86.ActiveCfg = Debug|Any CPU
		{D4E5F6A7-B8C9-0123-DEFA-012345678901}.Debug|x86.Build.0 = Debug|Any CPU
		{D4E5F6A7-B8C9-0123-DEFA-012345678901}.Release|Any CPU.ActiveCfg = Release|Any CPU
		{D4E5F6A7-B8C9-0123-DEFA-012345678901}.Release|Any CPU.Build.0 = Release|Any CPU
		{D4E5F6A7-B8C9-0123-DEFA-012345678901}.Release|x64.ActiveCfg = Release|Any CPU
		{D4E5F6A7-B8C9-0123-DEFA-012345678901}.Release|x64.Build.0 = Release|Any CPU
		{D4E5F6A7-B8C9-0123-DEFA-012345678901}.Release|x86.ActiveCfg = Release|Any CPU
		{D4E5F6A7-B8C9-0123-DEFA-012345678901}.Release|x86.Build.0 = Release|Any CPU
		{E6F7A8B9-C0D1-2345-EFAB-123456789012}.Debug|Any CPU.ActiveCfg = Debug|Any CPU
		{E6F7A8B9-C0D1-2345-EFAB-123456789012}.Debug|Any CPU.Build.0 = Debug|Any CPU
		{E6F7A8B9-C0D1-2345-EFAB-123456789012}.Debug|x64.ActiveCfg = Debug|Any CPU
		{E6F7A8B9-C0D1-2345-EFAB-123456789012}.Debug|x64.Build.0 = Debug|Any CPU
		{E6F7A8B9-C0D1-2345-EFAB-123456789012}.Debug|x86.ActiveCfg = Debug|Any CPU
		{E6F7A8B9-C0D1-2345-EFAB-123456789012}.Debug|x86.Build.0 = Debug|Any CPU
		{E6F7A8B9-C0D1-2345-EFAB-123456789012}.Release|Any CPU.ActiveCfg = Release|Any CPU
		{E6F7A8B9-C0D1-2345-EFAB-123456789012}.Release|Any CPU.Build.0 = Release|Any CPU
		{E6F7A8B9-C0D1-2345-EFAB-123456789012}.Release|x64.ActiveCfg = Release|Any CPU
		{E6F7A8B9-C0D1-2345-EFAB-123456789012}.Release|x64.Build.0 = Release|Any CPU
		{E6F7A8B9-C0D1-2345-EFAB-123456789012}.Release|x86.ActiveCfg = Release|Any CPU
		{E6F7A8B9-C0D1-2345-EFAB-123456789012}.Release|x86.Build.0 = Release|Any CPU
		{F7A8B9C0-D1E2-3456-FABC-234567890123}.Debug|Any CPU.ActiveCfg = Debug|Any CPU
		{F7A8B9C0-D1E2-3456-FABC-234567890123}.Debug|Any CPU.Build.0 = Debug|Any CPU
		{F7A8B9C0-D1E2-3456-FABC-234567890123}.Debug|x64.ActiveCfg = Debug|Any CPU
		{F7A8B9C0-D1E2-3456-FABC-234567890123}.Debug|x64.Build.0 = Debug|Any CPU
		{F7A8B9C0-D1E2-3456-FABC-234567890123}.Debug|x86.ActiveCfg = Debug|Any CPU
		{F7A8B9C0-D1E2-3456-FABC-234567890123}.Debug|x86.Build.0 = Debug|Any CPU
		{F7A8B9C0-D1E2-3456-FABC-234567890123}.Release|Any CPU.ActiveCfg = Release|Any CPU
		{F7A8B9C0-D1E2-3456-FABC-234567890123}.Release|Any CPU.Build.0 = Release|Any CPU
		{F7A8B9C0-D1E2-3456-FABC-234567890123}.Release|x64.ActiveCfg = Release|Any CPU
		{F7A8B9C0-D1E2-3456-FABC-234567890123}.Release|x64.Build.0 = Release|Any CPU
		{F7A8B9C0-D1E2-3456-FABC-234567890123}.Release|x86.ActiveCfg = Release|Any CPU
		{F7A8B9C0-D1E2-3456-FABC-234567890123}.Release|x86.Build.0 = Release|Any CPU
		{A8B9C0D1-E2F3-4567-ABCD-345678901234}.Debug|Any CPU.ActiveCfg = Debug|Any CPU
		{A8B9C0D1-E2F3-4567-ABCD-345678901234}.Debug|Any CPU.Build.0 = Debug|Any CPU
		{A8B9C0D1-E2F3-4567-ABCD-345678901234}.Debug|x64.ActiveCfg = Debug|Any CPU
		{A8B9C0D1-E2F3-4567-ABCD-345678901234}.Debug|x64.Build.0 = Debug|Any CPU
		{A8B9C0D1-E2F3-4567-ABCD-345678901234}.Debug|x86.ActiveCfg = Debug|Any CPU
		{A8B9C0D1-E2F3-4567-ABCD-345678901234}.Debug|x86.Build.0 = Debug|Any CPU
		{A8B9C0D1-E2F3-4567-ABCD-345678901234}.Release|Any CPU.ActiveCfg = Release|Any CPU
		{A8B9C0D1-E2F3-4567-ABCD-345678901234}.Release|Any CPU.Build.0 = Release|Any CPU
		{A8B9C0D1-E2F3-4567-ABCD-345678901234}.Release|x64.ActiveCfg = Release|Any CPU
		{A8B9C0D1-E2F3-4567-ABCD-345678901234}.Release|x64.Build.0 = Release|Any CPU
		{A8B9C0D1-E2F3-4567-ABCD-345678901234}.Release|x86.ActiveCfg = Release|Any CPU
		{A8B9C0D1-E2F3-4567-ABCD-345678901234}.Release|x86.Build.0 = Release|Any CPU
		{B9C0D1E2-F3A4-5678-BCDE-456789012345}.Debug|Any CPU.ActiveCfg = Debug|Any CPU
		{B9C0D1E2-F3A4-5678-BCDE-456789012345}.Debug|Any CPU.Build.0 = Debug|Any CPU
		{B9C0D1E2-F3A4-5678-BCDE-456789012345}.Debug|x64.ActiveCfg = Debug|Any CPU
		{B9C0D1E2-F3A4-5678-BCDE-456789012345}.Debug|x64.Build.0 = Debug|Any CPU
		{B9C0D1E2-F3A4-5678-BCDE-456789012345}.Debug|x86.ActiveCfg = Debug|Any CPU
		{B9C0D1E2-F3A4-5678-BCDE-456789012345}.Debug|x86.Build.0 = Debug|Any CPU
		{B9C0D1E2-F3A4-5678-BCDE-456789012345}.Release|Any CPU.ActiveCfg = Release|Any CPU
		{B9C0D1E2-F3A4-5678-BCDE-456789012345}.Release|Any CPU.Build.0 = Release|Any CPU
		{B9C0D1E2-F3A4-5678-BCDE-456789012345}.Release|x64.ActiveCfg = Release|Any CPU
		{B9C0D1E2-F3A4-5678-BCDE-456789012345}.Release|x64.Build.0 = Release|Any CPU
		{B9C0D1E2-F3A4-5678-BCDE-456789012345}.Release|x86.ActiveCfg = Release|Any CPU
		{B9C0D1E2-F3A4-5678-BCDE-456789012345}.Release|x86.Build.0 = Release|Any CPU
		{137B9B6E-7099-425D-9E78-5EC7129A1210}.Debug|Any CPU.ActiveCfg = Debug|Any CPU
		{137B9B6E-7099-425D-9E78-5EC7129A1210}.Debug|Any CPU.Build.0 = Debug|Any CPU
		{137B9B6E-7099-425D-9E78-5EC7129A1210}.Debug|x64.ActiveCfg = Debug|Any CPU
		{137B9B6E-7099-425D-9E78-5EC7129A1210}.Debug|x64.Build.0 = Debug|Any CPU
		{137B9B6E-7099-425D-9E78-5EC7129A1210}.Debug|x86.ActiveCfg = Debug|Any CPU
		{137B9B6E-7099-425D-9E78-5EC7129A1210}.Debug|x86.Build.0 = Debug|Any CPU
		{137B9B6E-7099-425D-9E78-5EC7129A1210}.Release|Any CPU.ActiveCfg = Release|Any CPU
		{137B9B6E-7099-425D-9E78-5EC7129A1210}.Release|Any CPU.Build.0 = Release|Any CPU
		{137B9B6E-7099-425D-9E78-5EC7129A1210}.Release|x64.ActiveCfg = Release|Any CPU
		{137B9B6E-7099-425D-9E78-5EC7129A1210}.Release|x64.Build.0 = Release|Any CPU
		{137B9B6E-7099-425D-9E78-5EC7129A1210}.Release|x86.ActiveCfg = Release|Any CPU
		{137B9B6E-7099-425D-9E78-5EC7129A1210}.Release|x86.Build.0 = Release|Any CPU
	EndGlobalSection
	GlobalSection(SolutionProperties) = preSolution
		HideSolutionNode = FALSE
	EndGlobalSection
	GlobalSection(NestedProjects) = preSolution
		{B22FA343-D3F1-4FE9-A839-3C68346B120F} = {7F4E8D42-8BB8-4508-AC54-02E5EE7C60B6}
		{CF63B047-FF8D-4D24-B88B-B3F127D434E8} = {7F4E8D42-8BB8-4508-AC54-02E5EE7C60B6}
		{38858C9F-1376-4308-9779-964FE492F702} = {7F4E8D42-8BB8-4508-AC54-02E5EE7C60B6}
		{C0EF7907-F1A6-4167-8E7E-7802C248ACC3} = {2BBA52EB-1295-4412-A8FA-A861FD8BE905}
		{A1B2C3D4-E5F6-7890-ABCD-EF1234567890} = {2BBA52EB-1295-4412-A8FA-A861FD8BE905}
		{E5542420-6B33-49D4-B41B-352F9646E3DA} = {2BBA52EB-1295-4412-A8FA-A861FD8BE905}
		{D4E5F6A7-B8C9-0123-DEFA-012345678901} = {2BBA52EB-1295-4412-A8FA-A861FD8BE905}
		{E6F7A8B9-C0D1-2345-EFAB-123456789012} = {2BBA52EB-1295-4412-A8FA-A861FD8BE905}
		{F7A8B9C0-D1E2-3456-FABC-234567890123} = {2BBA52EB-1295-4412-A8FA-A861FD8BE905}
		{A8B9C0D1-E2F3-4567-ABCD-345678901234} = {2BBA52EB-1295-4412-A8FA-A861FD8BE905}
		{B9C0D1E2-F3A4-5678-BCDE-456789012345} = {2BBA52EB-1295-4412-A8FA-A861FD8BE905}
		{B1522A8C-A2C1-4D42-982C-A655AF2CA137} = {29D0A13D-0F6B-433C-B4AF-79A6AF831F7B}
		{DC5506BF-461B-46E8-A5D7-B78BEA966029} = {29D0A13D-0F6B-433C-B4AF-79A6AF831F7B}
		{137B9B6E-7099-425D-9E78-5EC7129A1210} = {29D0A13D-0F6B-433C-B4AF-79A6AF831F7B}
	EndGlobalSection
EndGlobal
